
Microsoft Visual Studio Solution File, Format Version 12.00
# Visual Studio Version 16
VisualStudioVersion = 16.0.30907.101
MinimumVisualStudioVersion = 10.0.40219.1
Project("{9A19103F-16F7-4668-BE54-9A1E7A4F7556}") = "JLTiBridgerNuGet", "JLTiBridgerNuGet\JLTiBridgerNuGet.csproj", "{778D4FDD-095A-4EB0-B539-94B216BF09C2}"
EndProject
Global
	GlobalSection(SolutionConfigurationPlatforms) = preSolution
		Debug|Any CPU = Debug|Any CPU
		Release|Any CPU = Release|Any CPU
	EndGlobalSection
	GlobalSection(ProjectConfigurationPlatforms) = postSolution
		{778D4FDD-095A-4EB0-B539-94B216BF09C2}.Debug|Any CPU.ActiveCfg = Debug|Any CPU
		{778D4FDD-095A-4EB0-B539-94B216BF09C2}.Debug|Any CPU.Build.0 = Debug|Any CPU
		{778D4FDD-095A-4EB0-B539-94B216BF09C2}.Release|Any CPU.ActiveCfg = Release|Any CPU
		{778D4FDD-095A-4EB0-B539-94B216BF09C2}.Release|Any CPU.Build.0 = Release|Any CPU
	EndGlobalSection
	GlobalSection(SolutionProperties) = preSolution
		HideSolutionNode = FALSE
	EndGlobalSection
	GlobalSection(ExtensibilityGlobals) = postSolution
		SolutionGuid = {30F235AE-6921-4A28-B537-27EFD93D132E}
	EndGlobalSection
	GlobalSection(TeamFoundationVersionControl) = preSolution
		SccNumberOfProjects = 2
		SccEnterpriseProvider = {4CA58AB2-18FA-4F8D-95D4-32DDF27D184C}
		SccTeamFoundationServer = http://ausy13v0090:8080/tfs/projects
		SccLocalPath0 = .
		SccProjectUniqueName1 = JLTiBridgerNuGet\\JLTiBridgerNuGet.csproj
		SccProjectName1 = JLTiBridgerNuGet
		SccLocalPath1 = JLTiBridgerNuGet
	EndGlobalSection
EndGlobal
